// !$*UTF8*$!
{
	archiveVersion = 1;
	classes = {
	};
	objectVersion = 46;
	objects = {

/* Begin PBXBuildFile section */
		09F67AEE1EB3F9200097A34C /* AppDelegate.swift in Sources */ = {isa = PBXBuildFile; fileRef = 09F67AED1EB3F9200097A34C /* AppDelegate.swift */; };
		09F67AF01EB3F9200097A34C /* ViewController.swift in Sources */ = {isa = PBXBuildFile; fileRef = 09F67AEF1EB3F9200097A34C /* ViewController.swift */; };
		09F67AF31EB3F9200097A34C /* Main.storyboard in Resources */ = {isa = PBXBuildFile; fileRef = 09F67AF11EB3F9200097A34C /* Main.storyboard */; };
		09F67AF51EB3F9200097A34C /* Assets.xcassets in Resources */ = {isa = PBXBuildFile; fileRef = 09F67AF41EB3F9200097A34C /* Assets.xcassets */; };
		09F67AF81EB3F9200097A34C /* LaunchScreen.storyboard in Resources */ = {isa = PBXBuildFile; fileRef = 09F67AF61EB3F9200097A34C /* LaunchScreen.storyboard */; };
		09F67B001EBA8C210097A34C /* AboutMeViewController.swift in Sources */ = {isa = PBXBuildFile; fileRef = 09F67AFF1EBA8C210097A34C /* AboutMeViewController.swift */; };
		09F67B021EBA8C340097A34C /* InstructionsViewController.swift in Sources */ = {isa = PBXBuildFile; fileRef = 09F67B011EBA8C340097A34C /* InstructionsViewController.swift */; };
		09F67B041EBA8C4E0097A34C /* GameViewController.swift in Sources */ = {isa = PBXBuildFile; fileRef = 09F67B031EBA8C4E0097A34C /* GameViewController.swift */; };
		09F67B061EBA97080097A34C /* PausedViewController.swift in Sources */ = {isa = PBXBuildFile; fileRef = 09F67B051EBA97080097A34C /* PausedViewController.swift */; };
		09F67B0A1EBC144A0097A34C /* ProgressBar.swift in Sources */ = {isa = PBXBuildFile; fileRef = 09F67B091EBC144A0097A34C /* ProgressBar.swift */; };
		09F67B0C1EBC39510097A34C /* GameWonViewController.swift in Sources */ = {isa = PBXBuildFile; fileRef = 09F67B0B1EBC39510097A34C /* GameWonViewController.swift */; };
		09F67B0E1EBC395F0097A34C /* GameLostViewController.swift in Sources */ = {isa = PBXBuildFile; fileRef = 09F67B0D1EBC395F0097A34C /* GameLostViewController.swift */; };
		09F67B101EBC4BB10097A34C /* GestureOption.swift in Sources */ = {isa = PBXBuildFile; fileRef = 09F67B0F1EBC4BB10097A34C /* GestureOption.swift */; };
		09F67B121EBC70740097A34C /* SettingsViewController.swift in Sources */ = {isa = PBXBuildFile; fileRef = 09F67B111EBC70740097A34C /* SettingsViewController.swift */; };
		09F67B141EBCD76A0097A34C /* MIDINote.swift in Sources */ = {isa = PBXBuildFile; fileRef = 09F67B131EBCD76A0097A34C /* MIDINote.swift */; };
		09F67B161EBCDBAF0097A34C /* gs_instruments.dls in Resources */ = {isa = PBXBuildFile; fileRef = 09F67B151EBCDB5B0097A34C /* gs_instruments.dls */; };
/* End PBXBuildFile section */

/* Begin PBXFileReference section */
		09F67AEA1EB3F9200097A34C /* Gest.app */ = {isa = PBXFileReference; explicitFileType = wrapper.application; includeInIndex = 0; path = Gest.app; sourceTree = BUILT_PRODUCTS_DIR; };
		09F67AED1EB3F9200097A34C /* AppDelegate.swift */ = {isa = PBXFileReference; lastKnownFileType = sourcecode.swift; path = AppDelegate.swift; sourceTree = "<group>"; };
		09F67AEF1EB3F9200097A34C /* ViewController.swift */ = {isa = PBXFileReference; lastKnownFileType = sourcecode.swift; path = ViewController.swift; sourceTree = "<group>"; };
		09F67AF21EB3F9200097A34C /* Base */ = {isa = PBXFileReference; lastKnownFileType = file.storyboard; name = Base; path = Base.lproj/Main.storyboard; sourceTree = "<group>"; };
		09F67AF41EB3F9200097A34C /* Assets.xcassets */ = {isa = PBXFileReference; lastKnownFileType = folder.assetcatalog; path = Assets.xcassets; sourceTree = "<group>"; };
		09F67AF71EB3F9200097A34C /* Base */ = {isa = PBXFileReference; lastKnownFileType = file.storyboard; name = Base; path = Base.lproj/LaunchScreen.storyboard; sourceTree = "<group>"; };
		09F67AF91EB3F9200097A34C /* Info.plist */ = {isa = PBXFileReference; lastKnownFileType = text.plist.xml; path = Info.plist; sourceTree = "<group>"; };
		09F67AFF1EBA8C210097A34C /* AboutMeViewController.swift */ = {isa = PBXFileReference; fileEncoding = 4; lastKnownFileType = sourcecode.swift; path = AboutMeViewController.swift; sourceTree = "<group>"; };
		09F67B011EBA8C340097A34C /* InstructionsViewController.swift */ = {isa = PBXFileReference; fileEncoding = 4; lastKnownFileType = sourcecode.swift; name = InstructionsViewController.swift; path = ../InstructionsViewController.swift; sourceTree = "<group>"; };
		09F67B031EBA8C4E0097A34C /* GameViewController.swift */ = {isa = PBXFileReference; fileEncoding = 4; lastKnownFileType = sourcecode.swift; path = GameViewController.swift; sourceTree = "<group>"; };
		09F67B051EBA97080097A34C /* PausedViewController.swift */ = {isa = PBXFileReference; fileEncoding = 4; lastKnownFileType = sourcecode.swift; path = PausedViewController.swift; sourceTree = "<group>"; };
		09F67B091EBC144A0097A34C /* ProgressBar.swift */ = {isa = PBXFileReference; fileEncoding = 4; lastKnownFileType = sourcecode.swift; path = ProgressBar.swift; sourceTree = "<group>"; };
		09F67B0B1EBC39510097A34C /* GameWonViewController.swift */ = {isa = PBXFileReference; fileEncoding = 4; lastKnownFileType = sourcecode.swift; path = GameWonViewController.swift; sourceTree = "<group>"; };
		09F67B0D1EBC395F0097A34C /* GameLostViewController.swift */ = {isa = PBXFileReference; fileEncoding = 4; lastKnownFileType = sourcecode.swift; path = GameLostViewController.swift; sourceTree = "<group>"; };
		09F67B0F1EBC4BB10097A34C /* GestureOption.swift */ = {isa = PBXFileReference; fileEncoding = 4; lastKnownFileType = sourcecode.swift; path = GestureOption.swift; sourceTree = "<group>"; };
		09F67B111EBC70740097A34C /* SettingsViewController.swift */ = {isa = PBXFileReference; fileEncoding = 4; lastKnownFileType = sourcecode.swift; path = SettingsViewController.swift; sourceTree = "<group>"; };
		09F67B131EBCD76A0097A34C /* MIDINote.swift */ = {isa = PBXFileReference; fileEncoding = 4; lastKnownFileType = sourcecode.swift; path = MIDINote.swift; sourceTree = "<group>"; };
		09F67B151EBCDB5B0097A34C /* gs_instruments.dls */ = {isa = PBXFileReference; lastKnownFileType = file; path = gs_instruments.dls; sourceTree = "<group>"; };
/* End PBXFileReference section */

/* Begin PBXFrameworksBuildPhase section */
		09F67AE71EB3F9200097A34C /* Frameworks */ = {
			isa = PBXFrameworksBuildPhase;
			buildActionMask = 2147483647;
			files = (
			);
			runOnlyForDeploymentPostprocessing = 0;
		};
/* End PBXFrameworksBuildPhase section */

/* Begin PBXGroup section */
		09F67AE11EB3F9200097A34C = {
			isa = PBXGroup;
			children = (
				09F67AEC1EB3F9200097A34C /* Gest */,
				09F67AEB1EB3F9200097A34C /* Products */,
			);
			sourceTree = "<group>";
		};
		09F67AEB1EB3F9200097A34C /* Products */ = {
			isa = PBXGroup;
			children = (
				09F67AEA1EB3F9200097A34C /* Gest.app */,
			);
			name = Products;
			sourceTree = "<group>";
		};
		09F67AEC1EB3F9200097A34C /* Gest */ = {
			isa = PBXGroup;
			children = (
				09F67AED1EB3F9200097A34C /* AppDelegate.swift */,
				09F67AF61EB3F9200097A34C /* LaunchScreen.storyboard */,
				09F67AF11EB3F9200097A34C /* Main.storyboard */,
				09F67AF41EB3F9200097A34C /* Assets.xcassets */,
				09F67B151EBCDB5B0097A34C /* gs_instruments.dls */,
				09F67AF91EB3F9200097A34C /* Info.plist */,
				09F67AEF1EB3F9200097A34C /* ViewController.swift */,
				09F67AFF1EBA8C210097A34C /* AboutMeViewController.swift */,
				09F67B031EBA8C4E0097A34C /* GameViewController.swift */,
				09F67B051EBA97080097A34C /* PausedViewController.swift */,
				09F67B091EBC144A0097A34C /* ProgressBar.swift */,
				09F67B0B1EBC39510097A34C /* GameWonViewController.swift */,
				09F67B0D1EBC395F0097A34C /* GameLostViewController.swift */,
				09F67B0F1EBC4BB10097A34C /* GestureOption.swift */,
				09F67B011EBA8C340097A34C /* InstructionsViewController.swift */,
				09F67B111EBC70740097A34C /* SettingsViewController.swift */,
				09F67B131EBCD76A0097A34C /* MIDINote.swift */,
			);
			path = Gest;
			sourceTree = "<group>";
		};
/* End PBXGroup section */

/* Begin PBXNativeTarget section */
		09F67AE91EB3F9200097A34C /* Gest */ = {
			isa = PBXNativeTarget;
			buildConfigurationList = 09F67AFC1EB3F9200097A34C /* Build configuration list for PBXNativeTarget "Gest" */;
			buildPhases = (
				09F67AE61EB3F9200097A34C /* Sources */,
				09F67AE71EB3F9200097A34C /* Frameworks */,
				09F67AE81EB3F9200097A34C /* Resources */,
			);
			buildRules = (
			);
			dependencies = (
			);
			name = Gest;
			productName = Gest;
			productReference = 09F67AEA1EB3F9200097A34C /* Gest.app */;
			productType = "com.apple.product-type.application";
		};
/* End PBXNativeTarget section */

/* Begin PBXProject section */
		09F67AE21EB3F9200097A34C /* Project object */ = {
			isa = PBXProject;
			attributes = {
				LastSwiftUpdateCheck = 0830;
				LastUpgradeCheck = 0830;
				ORGANIZATIONNAME = "Spencer Collins";
				TargetAttributes = {
					09F67AE91EB3F9200097A34C = {
						CreatedOnToolsVersion = 8.3.2;
						DevelopmentTeam = 5XP7S7K559;
						ProvisioningStyle = Automatic;
					};
				};
			};
			buildConfigurationList = 09F67AE51EB3F9200097A34C /* Build configuration list for PBXProject "Gest" */;
			compatibilityVersion = "Xcode 3.2";
			developmentRegion = English;
			hasScannedForEncodings = 0;
			knownRegions = (
				en,
				Base,
			);
			mainGroup = 09F67AE11EB3F9200097A34C;
			productRefGroup = 09F67AEB1EB3F9200097A34C /* Products */;
			projectDirPath = "";
			projectRoot = "";
			targets = (
				09F67AE91EB3F9200097A34C /* Gest */,
			);
		};
/* End PBXProject section */

/* Begin PBXResourcesBuildPhase section */
		09F67AE81EB3F9200097A34C /* Resources */ = {
			isa = PBXResourcesBuildPhase;
			buildActionMask = 2147483647;
			files = (
				09F67B161EBCDBAF0097A34C /* gs_instruments.dls in Resources */,
				09F67AF81EB3F9200097A34C /* LaunchScreen.storyboard in Resources */,
				09F67AF51EB3F9200097A34C /* Assets.xcassets in Resources */,
				09F67AF31EB3F9200097A34C /* Main.storyboard in Resources */,
			);
			runOnlyForDeploymentPostprocessing = 0;
		};
/* End PBXResourcesBuildPhase section */

/* Begin PBXSourcesBuildPhase section */
		09F67AE61EB3F9200097A34C /* Sources */ = {
			isa = PBXSourcesBuildPhase;
			buildActionMask = 2147483647;
			files = (
				09F67B041EBA8C4E0097A34C /* GameViewController.swift in Sources */,
				09F67AF01EB3F9200097A34C /* ViewController.swift in Sources */,
				09F67B141EBCD76A0097A34C /* MIDINote.swift in Sources */,
				09F67B121EBC70740097A34C /* SettingsViewController.swift in Sources */,
				09F67B101EBC4BB10097A34C /* GestureOption.swift in Sources */,
				09F67B061EBA97080097A34C /* PausedViewController.swift in Sources */,
				09F67B0E1EBC395F0097A34C /* GameLostViewController.swift in Sources */,
				09F67B0C1EBC39510097A34C /* GameWonViewController.swift in Sources */,
				09F67B001EBA8C210097A34C /* AboutMeViewController.swift in Sources */,
				09F67B021EBA8C340097A34C /* InstructionsViewController.swift in Sources */,
				09F67AEE1EB3F9200097A34C /* AppDelegate.swift in Sources */,
				09F67B0A1EBC144A0097A34C /* ProgressBar.swift in Sources */,
			);
			runOnlyForDeploymentPostprocessing = 0;
		};
/* End PBXSourcesBuildPhase section */

/* Begin PBXVariantGroup section */
		09F67AF11EB3F9200097A34C /* Main.storyboard */ = {
			isa = PBXVariantGroup;
			children = (
				09F67AF21EB3F9200097A34C /* Base */,
			);
			name = Main.storyboard;
			sourceTree = "<group>";
		};
		09F67AF61EB3F9200097A34C /* LaunchScreen.storyboard */ = {
			isa = PBXVariantGroup;
			children = (
				09F67AF71EB3F9200097A34C /* Base */,
			);
			name = LaunchScreen.storyboard;
			sourceTree = "<group>";
		};
/* End PBXVariantGroup section */

/* Begin XCBuildConfiguration section */
		09F67AFA1EB3F9200097A34C /* Debug */ = {
			isa = XCBuildConfiguration;
			buildSettings = {
				ALWAYS_SEARCH_USER_PATHS = NO;
				CLANG_ANALYZER_NONNULL = YES;
				CLANG_ANALYZER_NUMBER_OBJECT_CONVERSION = YES_AGGRESSIVE;
				CLANG_CXX_LANGUAGE_STANDARD = "gnu++0x";
				CLANG_CXX_LIBRARY = "libc++";
				CLANG_ENABLE_MODULES = YES;
				CLANG_ENABLE_OBJC_ARC = YES;
				CLANG_WARN_BOOL_CONVERSION = YES;
				CLANG_WARN_CONSTANT_CONVERSION = YES;
				CLANG_WARN_DIRECT_OBJC_ISA_USAGE = YES_ERROR;
				CLANG_WARN_DOCUMENTATION_COMMENTS = YES;
				CLANG_WARN_EMPTY_BODY = YES;
				CLANG_WARN_ENUM_CONVERSION = YES;
				CLANG_WARN_INFINITE_RECURSION = YES;
				CLANG_WARN_INT_CONVERSION = YES;
				CLANG_WARN_OBJC_ROOT_CLASS = YES_ERROR;
				CLANG_WARN_SUSPICIOUS_MOVE = YES;
				CLANG_WARN_UNREACHABLE_CODE = YES;
				CLANG_WARN__DUPLICATE_METHOD_MATCH = YES;
				"CODE_SIGN_IDENTITY[sdk=iphoneos*]" = "iPhone Developer";
				COPY_PHASE_STRIP = NO;
				DEBUG_INFORMATION_FORMAT = dwarf;
				ENABLE_STRICT_OBJC_MSGSEND = YES;
				ENABLE_TESTABILITY = YES;
				GCC_C_LANGUAGE_STANDARD = gnu99;
				GCC_DYNAMIC_NO_PIC = NO;
				GCC_NO_COMMON_BLOCKS = YES;
				GCC_OPTIMIZATION_LEVEL = 0;
				GCC_PREPROCESSOR_DEFINITIONS = (
					"DEBUG=1",
					"$(inherited)",
				);
				GCC_WARN_64_TO_32_BIT_CONVERSION = YES;
				GCC_WARN_ABOUT_RETURN_TYPE = YES_ERROR;
				GCC_WARN_UNDECLARED_SELECTOR = YES;
				GCC_WARN_UNINITIALIZED_AUTOS = YES_AGGRESSIVE;
				GCC_WARN_UNUSED_FUNCTION = YES;
				GCC_WARN_UNUSED_VARIABLE = YES;
				IPHONEOS_DEPLOYMENT_TARGET = 10.3;
				MTL_ENABLE_DEBUG_INFO = YES;
				ONLY_ACTIVE_ARCH = YES;
				SDKROOT = iphoneos;
				SWIFT_ACTIVE_COMPILATION_CONDITIONS = DEBUG;
				SWIFT_OPTIMIZATION_LEVEL = "-Onone";
				TARGETED_DEVICE_FAMILY = "1,2";
			};
			name = Debug;
		};
		09F67AFB1EB3F9200097A34C /* Release */ = {
			isa = XCBuildConfiguration;
			buildSettings = {
				ALWAYS_SEARCH_USER_PATHS = NO;
				CLANG_ANALYZER_NONNULL = YES;
				CLANG_ANALYZER_NUMBER_OBJECT_CONVERSION = YES_AGGRESSIVE;
				CLANG_CXX_LANGUAGE_STANDARD = "gnu++0x";
				CLANG_CXX_LIBRARY = "libc++";
				CLANG_ENABLE_MODULES = YES;
				CLANG_ENABLE_OBJC_ARC = YES;
				CLANG_WARN_BOOL_CONVERSION = YES;
				CLANG_WARN_CONSTANT_CONVERSION = YES;
				CLANG_WARN_DIRECT_OBJC_ISA_USAGE = YES_ERROR;
				CLANG_WARN_DOCUMENTATION_COMMENTS = YES;
				CLANG_WARN_EMPTY_BODY = YES;
				CLANG_WARN_ENUM_CONVERSION = YES;
				CLANG_WARN_INFINITE_RECURSION = YES;
				CLANG_WARN_INT_CONVERSION = YES;
				CLANG_WARN_OBJC_ROOT_CLASS = YES_ERROR;
				CLANG_WARN_SUSPICIOUS_MOVE = YES;
				CLANG_WARN_UNREACHABLE_CODE = YES;
				CLANG_WARN__DUPLICATE_METHOD_MATCH = YES;
				"CODE_SIGN_IDENTITY[sdk=iphoneos*]" = "iPhone Developer";
				COPY_PHASE_STRIP = NO;
				DEBUG_INFORMATION_FORMAT = "dwarf-with-dsym";
				ENABLE_NS_ASSERTIONS = NO;
				ENABLE_STRICT_OBJC_MSGSEND = YES;
				GCC_C_LANGUAGE_STANDARD = gnu99;
				GCC_NO_COMMON_BLOCKS = YES;
				GCC_WARN_64_TO_32_BIT_CONVERSION = YES;
				GCC_WARN_ABOUT_RETURN_TYPE = YES_ERROR;
				GCC_WARN_UNDECLARED_SELECTOR = YES;
				GCC_WARN_UNINITIALIZED_AUTOS = YES_AGGRESSIVE;
				GCC_WARN_UNUSED_FUNCTION = YES;
				GCC_WARN_UNUSED_VARIABLE = YES;
				IPHONEOS_DEPLOYMENT_TARGET = 10.3;
				MTL_ENABLE_DEBUG_INFO = NO;
				SDKROOT = iphoneos;
				SWIFT_OPTIMIZATION_LEVEL = "-Owholemodule";
				TARGETED_DEVICE_FAMILY = "1,2";
				VALIDATE_PRODUCT = YES;
			};
			name = Release;
		};
		09F67AFD1EB3F9200097A34C /* Debug */ = {
			isa = XCBuildConfiguration;
			buildSettings = {
				ASSETCATALOG_COMPILER_APPICON_NAME = AppIcon;
				DEVELOPMENT_TEAM = 5XP7S7K559;
				INFOPLIST_FILE = Gest/Info.plist;
				LD_RUNPATH_SEARCH_PATHS = "$(inherited) @executable_path/Frameworks";
				PRODUCT_BUNDLE_IDENTIFIER = net.spencercollins.Gest;
				PRODUCT_NAME = "$(TARGET_NAME)";
				SWIFT_VERSION = 3.0;
			};
			name = Debug;
		};
		09F67AFE1EB3F9200097A34C /* Release */ = {
			isa = XCBuildConfiguration;
			buildSettings = {
				ASSETCATALOG_COMPILER_APPICON_NAME = AppIcon;
				DEVELOPMENT_TEAM = 5XP7S7K559;
				INFOPLIST_FILE = Gest/Info.plist;
				LD_RUNPATH_SEARCH_PATHS = "$(inherited) @executable_path/Frameworks";
				PRODUCT_BUNDLE_IDENTIFIER = net.spencercollins.Gest;
				PRODUCT_NAME = "$(TARGET_NAME)";
				SWIFT_VERSION = 3.0;
			};
			name = Release;
		};
/* End XCBuildConfiguration section */

/* Begin XCConfigurationList section */
		09F67AE51EB3F9200097A34C /* Build configuration list for PBXProject "Gest" */ = {
			isa = XCConfigurationList;
			buildConfigurations = (
				09F67AFA1EB3F9200097A34C /* Debug */,
				09F67AFB1EB3F9200097A34C /* Release */,
			);
			defaultConfigurationIsVisible = 0;
			defaultConfigurationName = Release;
		};
		09F67AFC1EB3F9200097A34C /* Build configuration list for PBXNativeTarget "Gest" */ = {
			isa = XCConfigurationList;
			buildConfigurations = (
				09F67AFD1EB3F9200097A34C /* Debug */,
				09F67AFE1EB3F9200097A34C /* Release */,
			);
			defaultConfigurationIsVisible = 0;
		};
/* End XCConfigurationList section */
	};
	rootObject = 09F67AE21EB3F9200097A34C /* Project object */;
}
